
Microsoft Visual Studio Solution File, Format Version 12.00
# Visual Studio 15
VisualStudioVersion = 15.0.28307.489
MinimumVisualStudioVersion = 10.0.40219.1
Project("{9A19103F-16F7-4668-BE54-9A1E7A4F7556}") = "SampleCode", "SampleCode\SampleCode.csproj", "{3AFBD9BF-E6A2-4C28-902F-FDC37B838C6E}"
EndProject
Project("{9A19103F-16F7-4668-BE54-9A1E7A4F7556}") = "SampleCode.IntegrationTests", "SampleCode.IntegrationTests\SampleCode.IntegrationTests.csproj", "{06FE1E7B-5FB3-4735-874A-C9D11C14FCBF}"
EndProject
Project("{9A19103F-16F7-4668-BE54-9A1E7A4F7556}") = "SampleCode.UnitTests", "SampleCode.UnitTests\SampleCode.UnitTests.csproj", "{F6FBAFBE-EB03-4261-A7B2-41785DD9394D}"
EndProject
Global
	GlobalSection(SolutionConfigurationPlatforms) = preSolution
		Debug|Any CPU = Debug|Any CPU
		Release|Any CPU = Release|Any CPU
	EndGlobalSection
	GlobalSection(ProjectConfigurationPlatforms) = postSolution
		{3AFBD9BF-E6A2-4C28-902F-FDC37B838C6E}.Debug|Any CPU.ActiveCfg = Debug|Any CPU
		{3AFBD9BF-E6A2-4C28-902F-FDC37B838C6E}.Debug|Any CPU.Build.0 = Debug|Any CPU
		{3AFBD9BF-E6A2-4C28-902F-FDC37B838C6E}.Release|Any CPU.ActiveCfg = Release|Any CPU
		{3AFBD9BF-E6A2-4C28-902F-FDC37B838C6E}.Release|Any CPU.Build.0 = Release|Any CPU
		{06FE1E7B-5FB3-4735-874A-C9D11C14FCBF}.Debug|Any CPU.ActiveCfg = Debug|Any CPU
		{06FE1E7B-5FB3-4735-874A-C9D11C14FCBF}.Debug|Any CPU.Build.0 = Debug|Any CPU
		{06FE1E7B-5FB3-4735-874A-C9D11C14FCBF}.Release|Any CPU.ActiveCfg = Release|Any CPU
		{06FE1E7B-5FB3-4735-874A-C9D11C14FCBF}.Release|Any CPU.Build.0 = Release|Any CPU
		{F6FBAFBE-EB03-4261-A7B2-41785DD9394D}.Debug|Any CPU.ActiveCfg = Debug|Any CPU
		{F6FBAFBE-EB03-4261-A7B2-41785DD9394D}.Debug|Any CPU.Build.0 = Debug|Any CPU
		{F6FBAFBE-EB03-4261-A7B2-41785DD9394D}.Release|Any CPU.ActiveCfg = Release|Any CPU
		{F6FBAFBE-EB03-4261-A7B2-41785DD9394D}.Release|Any CPU.Build.0 = Release|Any CPU
	EndGlobalSection
	GlobalSection(SolutionProperties) = preSolution
		HideSolutionNode = FALSE
	EndGlobalSection
	GlobalSection(ExtensibilityGlobals) = postSolution
		SolutionGuid = {87F95853-E956-477A-9D1E-09592213110D}
	EndGlobalSection
EndGlobal
